// !$*UTF8*$!
{
	archiveVersion = 1;
	classes = {
	};
	objectVersion = 56;
	objects = {

/* Begin PBXBuildFile section */
		7C6020B4296C7F0600702EB1 /* torrent.cpp in Sources */ = {isa = PBXBuildFile; fileRef = 7C6020B1296C7F0600702EB1 /* torrent.cpp */; };
		7C6020B5296C7F0600702EB1 /* torrent_destructors.cpp in Sources */ = {isa = PBXBuildFile; fileRef = 7C6020B2296C7F0600702EB1 /* torrent_destructors.cpp */; };
		7C6020B6296C7F0600702EB1 /* helper_code.cpp in Sources */ = {isa = PBXBuildFile; fileRef = 7C6020B3296C7F0600702EB1 /* helper_code.cpp */; };
		7C6020CC296C80BB00702EB1 /* CoreFoundation.framework in Frameworks */ = {isa = PBXBuildFile; fileRef = 7C6020CB296C80BB00702EB1 /* CoreFoundation.framework */; };
		7C602104296C811700702EB1 /* try_signal_mingw.hpp in Headers */ = {isa = PBXBuildFile; fileRef = 7C6020D1296C811700702EB1 /* try_signal_mingw.hpp */; };
		7C602105296C811700702EB1 /* try_signal.hpp in Headers */ = {isa = PBXBuildFile; fileRef = 7C6020D2296C811700702EB1 /* try_signal.hpp */; };
		7C602106296C811700702EB1 /* try_signal_msvc.hpp in Headers */ = {isa = PBXBuildFile; fileRef = 7C6020D3296C811700702EB1 /* try_signal_msvc.hpp */; };
		7C60210C296C811700702EB1 /* try_signal_posix.hpp in Headers */ = {isa = PBXBuildFile; fileRef = 7C6020D9296C811700702EB1 /* try_signal_posix.hpp */; };
		7C60210D296C811700702EB1 /* signal_error_code.hpp in Headers */ = {isa = PBXBuildFile; fileRef = 7C6020DA296C811700702EB1 /* signal_error_code.hpp */; };
		7C602111296C811700702EB1 /* signal_error_code.cpp in Sources */ = {isa = PBXBuildFile; fileRef = 7C6020DE296C811700702EB1 /* signal_error_code.cpp */; };
		7C602113296C811700702EB1 /* try_signal.cpp in Sources */ = {isa = PBXBuildFile; fileRef = 7C6020E2296C811700702EB1 /* try_signal.cpp */; };
		7C60211F296C811700702EB1 /* gnutls.hpp in Headers */ = {isa = PBXBuildFile; fileRef = 7C6020F4296C811700702EB1 /* gnutls.hpp */; };
		7C602120296C811700702EB1 /* verify_context.hpp in Headers */ = {isa = PBXBuildFile; fileRef = 7C6020F6296C811700702EB1 /* verify_context.hpp */; };
		7C602121296C811700702EB1 /* context_base.hpp in Headers */ = {isa = PBXBuildFile; fileRef = 7C6020F7296C811700702EB1 /* context_base.hpp */; };
		7C602122296C811700702EB1 /* stream.hpp in Headers */ = {isa = PBXBuildFile; fileRef = 7C6020F8296C811700702EB1 /* stream.hpp */; };
		7C602123296C811700702EB1 /* error.hpp in Headers */ = {isa = PBXBuildFile; fileRef = 7C6020F9296C811700702EB1 /* error.hpp */; };
		7C602124296C811700702EB1 /* context.hpp in Headers */ = {isa = PBXBuildFile; fileRef = 7C6020FA296C811700702EB1 /* context.hpp */; };
		7C602125296C811700702EB1 /* stream_base.hpp in Headers */ = {isa = PBXBuildFile; fileRef = 7C6020FB296C811700702EB1 /* stream_base.hpp */; };
		7C602126296C811700702EB1 /* host_name_verification.hpp in Headers */ = {isa = PBXBuildFile; fileRef = 7C6020FC296C811700702EB1 /* host_name_verification.hpp */; };
		7C602127296C811700702EB1 /* rfc2818_verification.hpp in Headers */ = {isa = PBXBuildFile; fileRef = 7C6020FD296C811700702EB1 /* rfc2818_verification.hpp */; };
		7C60212F296C817000702EB1 /* SystemConfiguration.framework in Frameworks */ = {isa = PBXBuildFile; fileRef = 7C60212E296C817000702EB1 /* SystemConfiguration.framework */; };
		7C602155296CBCF100702EB1 /* module.modulemap in Resources */ = {isa = PBXBuildFile; fileRef = 7C602154296CBCF100702EB1 /* module.modulemap */; };
		7C60215D296CBD6600702EB1 /* result_struct.h in Headers */ = {isa = PBXBuildFile; fileRef = 7C602157296CBD6600702EB1 /* result_struct.h */; settings = {ATTRIBUTES = (Private, ); }; };
		7C60215E296CBD6600702EB1 /* file_struct.h in Headers */ = {isa = PBXBuildFile; fileRef = 7C602158296CBD6600702EB1 /* file_struct.h */; settings = {ATTRIBUTES = (Private, ); }; };
		7C60215F296CBD6600702EB1 /* helper_code.h in Headers */ = {isa = PBXBuildFile; fileRef = 7C602159296CBD6600702EB1 /* helper_code.h */; };
		7C602160296CBD6600702EB1 /* torrent_headers.h in Headers */ = {isa = PBXBuildFile; fileRef = 7C60215A296CBD6600702EB1 /* torrent_headers.h */; settings = {ATTRIBUTES = (Private, ); }; };
		7C602161296CBD6600702EB1 /* peer_struct.h in Headers */ = {isa = PBXBuildFile; fileRef = 7C60215B296CBD6600702EB1 /* peer_struct.h */; settings = {ATTRIBUTES = (Private, ); }; };
		7C602162296CBD6600702EB1 /* settings_pack_struct.h in Headers */ = {isa = PBXBuildFile; fileRef = 7C60215C296CBD6600702EB1 /* settings_pack_struct.h */; settings = {ATTRIBUTES = (Private, ); }; };
		7C602163296CCBA400702EB1 /* TorrentModel.swift in Sources */ = {isa = PBXBuildFile; fileRef = 7C60213C296CBA4F00702EB1 /* TorrentModel.swift */; };
		7C602164296CCBA400702EB1 /* TorrentState.swift in Sources */ = {isa = PBXBuildFile; fileRef = 7C60213E296CBA4F00702EB1 /* TorrentState.swift */; };
		7C602165296CCBA400702EB1 /* SettingsPack.swift in Sources */ = {isa = PBXBuildFile; fileRef = 7C60213F296CBA4F00702EB1 /* SettingsPack.swift */; };
		7C602166296CCBA400702EB1 /* TrackerModel.swift in Sources */ = {isa = PBXBuildFile; fileRef = 7C602140296CBA4F00702EB1 /* TrackerModel.swift */; };
		7C602167296CCBA400702EB1 /* InterfaceType.swift in Sources */ = {isa = PBXBuildFile; fileRef = 7C602141296CBA4F00702EB1 /* InterfaceType.swift */; };
		7C602168296CCBA400702EB1 /* PeerModel.swift in Sources */ = {isa = PBXBuildFile; fileRef = 7C602143296CBA4F00702EB1 /* PeerModel.swift */; };
		7C602169296CCBA400702EB1 /* FolderModel.swift in Sources */ = {isa = PBXBuildFile; fileRef = 7C602142296CBA4F00702EB1 /* FolderModel.swift */; };
		7C60216A296CCBA400702EB1 /* FileModel.swift in Sources */ = {isa = PBXBuildFile; fileRef = 7C60213D296CBA4F00702EB1 /* FileModel.swift */; };
		7C60216B296CCBA700702EB1 /* Utils.swift in Sources */ = {isa = PBXBuildFile; fileRef = 7C602147296CBA4F00702EB1 /* Utils.swift */; };
		7C60216C296CCBA700702EB1 /* StringExtension.swift in Sources */ = {isa = PBXBuildFile; fileRef = 7C602146296CBA4F00702EB1 /* StringExtension.swift */; };
		7C60216D296CCBA700702EB1 /* NotificationNamesExtension.swift in Sources */ = {isa = PBXBuildFile; fileRef = 7C602145296CBA4F00702EB1 /* NotificationNamesExtension.swift */; };
		7C60216E296CCBA700702EB1 /* TorrentSdk.swift in Sources */ = {isa = PBXBuildFile; fileRef = 7C60213A296CBA4F00702EB1 /* TorrentSdk.swift */; };
		7C79ACBC296C14E900EF32F4 /* iTorrentFramework.h in Headers */ = {isa = PBXBuildFile; fileRef = 7C79ACBB296C14E900EF32F4 /* iTorrentFramework.h */; settings = {ATTRIBUTES = (Public, ); }; };
		7C9E0F14296D5ECC00EFF686 /* OpenSSL.xcframework in Frameworks */ = {isa = PBXBuildFile; fileRef = 7C9E0F0A296D582400EFF686 /* OpenSSL.xcframework */; };
		7C9E0F15296D5ECC00EFF686 /* OpenSSL.xcframework in Embed Frameworks */ = {isa = PBXBuildFile; fileRef = 7C9E0F0A296D582400EFF686 /* OpenSSL.xcframework */; settings = {ATTRIBUTES = (CodeSignOnCopy, RemoveHeadersOnCopy, ); }; };
		D1936AE72B6295FA00C7094B /* libtorrent-rasterbar.a in Frameworks */ = {isa = PBXBuildFile; fileRef = D1936AE62B6295F600C7094B /* libtorrent-rasterbar.a */; };
/* End PBXBuildFile section */

/* Begin PBXCopyFilesBuildPhase section */
		7C9E0F16296D5ECC00EFF686 /* Embed Frameworks */ = {
			isa = PBXCopyFilesBuildPhase;
			buildActionMask = 2147483647;
			dstPath = "";
			dstSubfolderSpec = 10;
			files = (
				7C9E0F15296D5ECC00EFF686 /* OpenSSL.xcframework in Embed Frameworks */,
			);
			name = "Embed Frameworks";
			runOnlyForDeploymentPostprocessing = 0;
		};
/* End PBXCopyFilesBuildPhase section */

/* Begin PBXFileReference section */
		7C6020B1296C7F0600702EB1 /* torrent.cpp */ = {isa = PBXFileReference; fileEncoding = 4; lastKnownFileType = sourcecode.cpp.cpp; path = torrent.cpp; sourceTree = "<group>"; };
		7C6020B2296C7F0600702EB1 /* torrent_destructors.cpp */ = {isa = PBXFileReference; fileEncoding = 4; lastKnownFileType = sourcecode.cpp.cpp; path = torrent_destructors.cpp; sourceTree = "<group>"; };
		7C6020B3296C7F0600702EB1 /* helper_code.cpp */ = {isa = PBXFileReference; fileEncoding = 4; lastKnownFileType = sourcecode.cpp.cpp; path = helper_code.cpp; sourceTree = "<group>"; };
		7C6020CB296C80BB00702EB1 /* CoreFoundation.framework */ = {isa = PBXFileReference; lastKnownFileType = wrapper.framework; name = CoreFoundation.framework; path = Platforms/MacOSX.platform/Developer/SDKs/MacOSX13.1.sdk/System/Library/Frameworks/CoreFoundation.framework; sourceTree = DEVELOPER_DIR; };
		7C6020CD296C80CE00702EB1 /* CFNetwork.framework */ = {isa = PBXFileReference; lastKnownFileType = wrapper.framework; name = CFNetwork.framework; path = Platforms/MacOSX.platform/Developer/SDKs/MacOSX13.1.sdk/System/Library/Frameworks/CFNetwork.framework; sourceTree = DEVELOPER_DIR; };
		7C6020D1296C811700702EB1 /* try_signal_mingw.hpp */ = {isa = PBXFileReference; fileEncoding = 4; lastKnownFileType = sourcecode.cpp.h; path = try_signal_mingw.hpp; sourceTree = "<group>"; };
		7C6020D2296C811700702EB1 /* try_signal.hpp */ = {isa = PBXFileReference; fileEncoding = 4; lastKnownFileType = sourcecode.cpp.h; path = try_signal.hpp; sourceTree = "<group>"; };
		7C6020D3296C811700702EB1 /* try_signal_msvc.hpp */ = {isa = PBXFileReference; fileEncoding = 4; lastKnownFileType = sourcecode.cpp.h; path = try_signal_msvc.hpp; sourceTree = "<group>"; };
		7C6020D9296C811700702EB1 /* try_signal_posix.hpp */ = {isa = PBXFileReference; fileEncoding = 4; lastKnownFileType = sourcecode.cpp.h; path = try_signal_posix.hpp; sourceTree = "<group>"; };
		7C6020DA296C811700702EB1 /* signal_error_code.hpp */ = {isa = PBXFileReference; fileEncoding = 4; lastKnownFileType = sourcecode.cpp.h; path = signal_error_code.hpp; sourceTree = "<group>"; };
		7C6020DE296C811700702EB1 /* signal_error_code.cpp */ = {isa = PBXFileReference; fileEncoding = 4; lastKnownFileType = sourcecode.cpp.cpp; path = signal_error_code.cpp; sourceTree = "<group>"; };
		7C6020E2296C811700702EB1 /* try_signal.cpp */ = {isa = PBXFileReference; fileEncoding = 4; lastKnownFileType = sourcecode.cpp.cpp; path = try_signal.cpp; sourceTree = "<group>"; };
		7C6020F4296C811700702EB1 /* gnutls.hpp */ = {isa = PBXFileReference; fileEncoding = 4; lastKnownFileType = sourcecode.cpp.h; path = gnutls.hpp; sourceTree = "<group>"; };
		7C6020F6296C811700702EB1 /* verify_context.hpp */ = {isa = PBXFileReference; fileEncoding = 4; lastKnownFileType = sourcecode.cpp.h; path = verify_context.hpp; sourceTree = "<group>"; };
		7C6020F7296C811700702EB1 /* context_base.hpp */ = {isa = PBXFileReference; fileEncoding = 4; lastKnownFileType = sourcecode.cpp.h; path = context_base.hpp; sourceTree = "<group>"; };
		7C6020F8296C811700702EB1 /* stream.hpp */ = {isa = PBXFileReference; fileEncoding = 4; lastKnownFileType = sourcecode.cpp.h; path = stream.hpp; sourceTree = "<group>"; };
		7C6020F9296C811700702EB1 /* error.hpp */ = {isa = PBXFileReference; fileEncoding = 4; lastKnownFileType = sourcecode.cpp.h; path = error.hpp; sourceTree = "<group>"; };
		7C6020FA296C811700702EB1 /* context.hpp */ = {isa = PBXFileReference; fileEncoding = 4; lastKnownFileType = sourcecode.cpp.h; path = context.hpp; sourceTree = "<group>"; };
		7C6020FB296C811700702EB1 /* stream_base.hpp */ = {isa = PBXFileReference; fileEncoding = 4; lastKnownFileType = sourcecode.cpp.h; path = stream_base.hpp; sourceTree = "<group>"; };
		7C6020FC296C811700702EB1 /* host_name_verification.hpp */ = {isa = PBXFileReference; fileEncoding = 4; lastKnownFileType = sourcecode.cpp.h; path = host_name_verification.hpp; sourceTree = "<group>"; };
		7C6020FD296C811700702EB1 /* rfc2818_verification.hpp */ = {isa = PBXFileReference; fileEncoding = 4; lastKnownFileType = sourcecode.cpp.h; path = rfc2818_verification.hpp; sourceTree = "<group>"; };
		7C60212E296C817000702EB1 /* SystemConfiguration.framework */ = {isa = PBXFileReference; lastKnownFileType = wrapper.framework; name = SystemConfiguration.framework; path = Platforms/MacOSX.platform/Developer/SDKs/MacOSX13.1.sdk/System/Library/Frameworks/SystemConfiguration.framework; sourceTree = DEVELOPER_DIR; };
		7C602134296C95FA00702EB1 /* LibTorrent.xcframework */ = {isa = PBXFileReference; lastKnownFileType = wrapper.xcframework; name = LibTorrent.xcframework; path = submodules/LibTorrent.xcframework; sourceTree = "<group>"; };
		7C60213A296CBA4F00702EB1 /* TorrentSdk.swift */ = {isa = PBXFileReference; fileEncoding = 4; lastKnownFileType = sourcecode.swift; path = TorrentSdk.swift; sourceTree = "<group>"; };
		7C60213C296CBA4F00702EB1 /* TorrentModel.swift */ = {isa = PBXFileReference; fileEncoding = 4; lastKnownFileType = sourcecode.swift; path = TorrentModel.swift; sourceTree = "<group>"; };
		7C60213D296CBA4F00702EB1 /* FileModel.swift */ = {isa = PBXFileReference; fileEncoding = 4; lastKnownFileType = sourcecode.swift; path = FileModel.swift; sourceTree = "<group>"; };
		7C60213E296CBA4F00702EB1 /* TorrentState.swift */ = {isa = PBXFileReference; fileEncoding = 4; lastKnownFileType = sourcecode.swift; path = TorrentState.swift; sourceTree = "<group>"; };
		7C60213F296CBA4F00702EB1 /* SettingsPack.swift */ = {isa = PBXFileReference; fileEncoding = 4; lastKnownFileType = sourcecode.swift; path = SettingsPack.swift; sourceTree = "<group>"; };
		7C602140296CBA4F00702EB1 /* TrackerModel.swift */ = {isa = PBXFileReference; fileEncoding = 4; lastKnownFileType = sourcecode.swift; path = TrackerModel.swift; sourceTree = "<group>"; };
		7C602141296CBA4F00702EB1 /* InterfaceType.swift */ = {isa = PBXFileReference; fileEncoding = 4; lastKnownFileType = sourcecode.swift; path = InterfaceType.swift; sourceTree = "<group>"; };
		7C602142296CBA4F00702EB1 /* FolderModel.swift */ = {isa = PBXFileReference; fileEncoding = 4; lastKnownFileType = sourcecode.swift; path = FolderModel.swift; sourceTree = "<group>"; };
		7C602143296CBA4F00702EB1 /* PeerModel.swift */ = {isa = PBXFileReference; fileEncoding = 4; lastKnownFileType = sourcecode.swift; path = PeerModel.swift; sourceTree = "<group>"; };
		7C602145296CBA4F00702EB1 /* NotificationNamesExtension.swift */ = {isa = PBXFileReference; fileEncoding = 4; lastKnownFileType = sourcecode.swift; path = NotificationNamesExtension.swift; sourceTree = "<group>"; };
		7C602146296CBA4F00702EB1 /* StringExtension.swift */ = {isa = PBXFileReference; fileEncoding = 4; lastKnownFileType = sourcecode.swift; path = StringExtension.swift; sourceTree = "<group>"; };
		7C602147296CBA4F00702EB1 /* Utils.swift */ = {isa = PBXFileReference; fileEncoding = 4; lastKnownFileType = sourcecode.swift; path = Utils.swift; sourceTree = "<group>"; };
		7C602154296CBCF100702EB1 /* module.modulemap */ = {isa = PBXFileReference; lastKnownFileType = "sourcecode.module-map"; path = module.modulemap; sourceTree = "<group>"; };
		7C602157296CBD6600702EB1 /* result_struct.h */ = {isa = PBXFileReference; fileEncoding = 4; lastKnownFileType = sourcecode.c.h; path = result_struct.h; sourceTree = "<group>"; };
		7C602158296CBD6600702EB1 /* file_struct.h */ = {isa = PBXFileReference; fileEncoding = 4; lastKnownFileType = sourcecode.c.h; path = file_struct.h; sourceTree = "<group>"; };
		7C602159296CBD6600702EB1 /* helper_code.h */ = {isa = PBXFileReference; fileEncoding = 4; lastKnownFileType = sourcecode.c.h; path = helper_code.h; sourceTree = "<group>"; };
		7C60215A296CBD6600702EB1 /* torrent_headers.h */ = {isa = PBXFileReference; fileEncoding = 4; lastKnownFileType = sourcecode.c.h; path = torrent_headers.h; sourceTree = "<group>"; };
		7C60215B296CBD6600702EB1 /* peer_struct.h */ = {isa = PBXFileReference; fileEncoding = 4; lastKnownFileType = sourcecode.c.h; path = peer_struct.h; sourceTree = "<group>"; };
		7C60215C296CBD6600702EB1 /* settings_pack_struct.h */ = {isa = PBXFileReference; fileEncoding = 4; lastKnownFileType = sourcecode.c.h; path = settings_pack_struct.h; sourceTree = "<group>"; };
		7C79ACB8296C14E900EF32F4 /* ITorrentFramework.framework */ = {isa = PBXFileReference; explicitFileType = wrapper.framework; includeInIndex = 0; path = ITorrentFramework.framework; sourceTree = BUILT_PRODUCTS_DIR; };
		7C79ACBB296C14E900EF32F4 /* iTorrentFramework.h */ = {isa = PBXFileReference; lastKnownFileType = sourcecode.c.h; path = iTorrentFramework.h; sourceTree = "<group>"; };
		7C79ACC8296C16B200EF32F4 /* make.sh */ = {isa = PBXFileReference; lastKnownFileType = text.script.sh; path = make.sh; sourceTree = "<group>"; };
		7C9E0F0A296D582400EFF686 /* OpenSSL.xcframework */ = {isa = PBXFileReference; lastKnownFileType = wrapper.xcframework; name = OpenSSL.xcframework; path = submodules/OpenSSL.xcframework; sourceTree = "<group>"; };
		D1936AE62B6295F600C7094B /* libtorrent-rasterbar.a */ = {isa = PBXFileReference; lastKnownFileType = archive.ar; name = "libtorrent-rasterbar.a"; path = "build/submodules/libtorrent/libtorrent-rasterbar.a"; sourceTree = "<group>"; };
/* End PBXFileReference section */

/* Begin PBXFrameworksBuildPhase section */
		7C79ACB5296C14E900EF32F4 /* Frameworks */ = {
			isa = PBXFrameworksBuildPhase;
			buildActionMask = 2147483647;
			files = (
				7C60212F296C817000702EB1 /* SystemConfiguration.framework in Frameworks */,
				D1936AE72B6295FA00C7094B /* libtorrent-rasterbar.a in Frameworks */,
				7C9E0F14296D5ECC00EFF686 /* OpenSSL.xcframework in Frameworks */,
				7C6020CC296C80BB00702EB1 /* CoreFoundation.framework in Frameworks */,
			);
			runOnlyForDeploymentPostprocessing = 0;
		};
/* End PBXFrameworksBuildPhase section */

/* Begin PBXGroup section */
		7C6020A6296C7D7B00702EB1 /* Frameworks */ = {
			isa = PBXGroup;
			children = (
				D1936AE62B6295F600C7094B /* libtorrent-rasterbar.a */,
				7C602134296C95FA00702EB1 /* LibTorrent.xcframework */,
				7C9E0F0A296D582400EFF686 /* OpenSSL.xcframework */,
				7C60212E296C817000702EB1 /* SystemConfiguration.framework */,
				7C6020CD296C80CE00702EB1 /* CFNetwork.framework */,
				7C6020CB296C80BB00702EB1 /* CoreFoundation.framework */,
			);
			name = Frameworks;
			sourceTree = "<group>";
		};
		7C6020AF296C7EBC00702EB1 /* src */ = {
			isa = PBXGroup;
			children = (
				7C6020CF296C811700702EB1 /* deps */,
				7C6020B0296C7F0600702EB1 /* libtorrent_bridge */,
			);
			path = src;
			sourceTree = "<group>";
		};
		7C6020B0296C7F0600702EB1 /* libtorrent_bridge */ = {
			isa = PBXGroup;
			children = (
				7C6020B1296C7F0600702EB1 /* torrent.cpp */,
				7C6020B2296C7F0600702EB1 /* torrent_destructors.cpp */,
				7C6020B3296C7F0600702EB1 /* helper_code.cpp */,
			);
			path = libtorrent_bridge;
			sourceTree = "<group>";
		};
		7C6020B7296C7F3400702EB1 /* include */ = {
			isa = PBXGroup;
			children = (
				7C602156296CBD6600702EB1 /* libtorrent_bridge */,
			);
			path = include;
			sourceTree = "<group>";
		};
		7C6020CF296C811700702EB1 /* deps */ = {
			isa = PBXGroup;
			children = (
				7C6020D0296C811700702EB1 /* try_signal */,
				7C6020E5296C811700702EB1 /* asio-gnutls */,
			);
			name = deps;
			path = submodules/libtorrent/deps;
			sourceTree = SOURCE_ROOT;
		};
		7C6020D0296C811700702EB1 /* try_signal */ = {
			isa = PBXGroup;
			children = (
				7C6020D1296C811700702EB1 /* try_signal_mingw.hpp */,
				7C6020D2296C811700702EB1 /* try_signal.hpp */,
				7C6020D3296C811700702EB1 /* try_signal_msvc.hpp */,
				7C6020D9296C811700702EB1 /* try_signal_posix.hpp */,
				7C6020DA296C811700702EB1 /* signal_error_code.hpp */,
				7C6020DE296C811700702EB1 /* signal_error_code.cpp */,
				7C6020E2296C811700702EB1 /* try_signal.cpp */,
			);
			path = try_signal;
			sourceTree = "<group>";
		};
		7C6020E5296C811700702EB1 /* asio-gnutls */ = {
			isa = PBXGroup;
			children = (
				7C6020F1296C811700702EB1 /* include */,
			);
			path = "asio-gnutls";
			sourceTree = "<group>";
		};
		7C6020F1296C811700702EB1 /* include */ = {
			isa = PBXGroup;
			children = (
				7C6020F2296C811700702EB1 /* boost */,
			);
			path = include;
			sourceTree = "<group>";
		};
		7C6020F2296C811700702EB1 /* boost */ = {
			isa = PBXGroup;
			children = (
				7C6020F3296C811700702EB1 /* asio */,
			);
			path = boost;
			sourceTree = "<group>";
		};
		7C6020F3296C811700702EB1 /* asio */ = {
			isa = PBXGroup;
			children = (
				7C6020F4296C811700702EB1 /* gnutls.hpp */,
				7C6020F5296C811700702EB1 /* gnutls */,
			);
			path = asio;
			sourceTree = "<group>";
		};
		7C6020F5296C811700702EB1 /* gnutls */ = {
			isa = PBXGroup;
			children = (
				7C6020F6296C811700702EB1 /* verify_context.hpp */,
				7C6020F7296C811700702EB1 /* context_base.hpp */,
				7C6020F8296C811700702EB1 /* stream.hpp */,
				7C6020F9296C811700702EB1 /* error.hpp */,
				7C6020FA296C811700702EB1 /* context.hpp */,
				7C6020FB296C811700702EB1 /* stream_base.hpp */,
				7C6020FC296C811700702EB1 /* host_name_verification.hpp */,
				7C6020FD296C811700702EB1 /* rfc2818_verification.hpp */,
			);
			path = gnutls;
			sourceTree = "<group>";
		};
		7C602139296CBA4F00702EB1 /* torrentSdk */ = {
			isa = PBXGroup;
			children = (
				7C60213B296CBA4F00702EB1 /* Models */,
				7C602144296CBA4F00702EB1 /* Extensions */,
				7C60213A296CBA4F00702EB1 /* TorrentSdk.swift */,
				7C602147296CBA4F00702EB1 /* Utils.swift */,
			);
			path = torrentSdk;
			sourceTree = "<group>";
		};
		7C60213B296CBA4F00702EB1 /* Models */ = {
			isa = PBXGroup;
			children = (
				7C60213C296CBA4F00702EB1 /* TorrentModel.swift */,
				7C60213D296CBA4F00702EB1 /* FileModel.swift */,
				7C60213E296CBA4F00702EB1 /* TorrentState.swift */,
				7C60213F296CBA4F00702EB1 /* SettingsPack.swift */,
				7C602140296CBA4F00702EB1 /* TrackerModel.swift */,
				7C602141296CBA4F00702EB1 /* InterfaceType.swift */,
				7C602142296CBA4F00702EB1 /* FolderModel.swift */,
				7C602143296CBA4F00702EB1 /* PeerModel.swift */,
			);
			path = Models;
			sourceTree = "<group>";
		};
		7C602144296CBA4F00702EB1 /* Extensions */ = {
			isa = PBXGroup;
			children = (
				7C602145296CBA4F00702EB1 /* NotificationNamesExtension.swift */,
				7C602146296CBA4F00702EB1 /* StringExtension.swift */,
			);
			path = Extensions;
			sourceTree = "<group>";
		};
		7C602156296CBD6600702EB1 /* libtorrent_bridge */ = {
			isa = PBXGroup;
			children = (
				7C602159296CBD6600702EB1 /* helper_code.h */,
				7C602157296CBD6600702EB1 /* result_struct.h */,
				7C602158296CBD6600702EB1 /* file_struct.h */,
				7C60215A296CBD6600702EB1 /* torrent_headers.h */,
				7C60215B296CBD6600702EB1 /* peer_struct.h */,
				7C60215C296CBD6600702EB1 /* settings_pack_struct.h */,
			);
			path = libtorrent_bridge;
			sourceTree = "<group>";
		};
		7C79ACAE296C14E900EF32F4 = {
			isa = PBXGroup;
			children = (
				7C6020A6296C7D7B00702EB1 /* Frameworks */,
				7C79ACBA296C14E900EF32F4 /* iTorrentFramework */,
				7C79ACC8296C16B200EF32F4 /* make.sh */,
				7C79ACB9296C14E900EF32F4 /* Products */,
			);
			sourceTree = "<group>";
		};
		7C79ACB9296C14E900EF32F4 /* Products */ = {
			isa = PBXGroup;
			children = (
				7C79ACB8296C14E900EF32F4 /* ITorrentFramework.framework */,
			);
			name = Products;
			sourceTree = "<group>";
		};
		7C79ACBA296C14E900EF32F4 /* iTorrentFramework */ = {
			isa = PBXGroup;
			children = (
				7C6020AF296C7EBC00702EB1 /* src */,
				7C602139296CBA4F00702EB1 /* torrentSdk */,
				7C6020B7296C7F3400702EB1 /* include */,
				7C602154296CBCF100702EB1 /* module.modulemap */,
				7C79ACBB296C14E900EF32F4 /* iTorrentFramework.h */,
			);
			path = iTorrentFramework;
			sourceTree = "<group>";
		};
/* End PBXGroup section */

/* Begin PBXHeadersBuildPhase section */
		7C79ACB3296C14E900EF32F4 /* Headers */ = {
			isa = PBXHeadersBuildPhase;
			buildActionMask = 2147483647;
			files = (
				7C602105296C811700702EB1 /* try_signal.hpp in Headers */,
				7C602126296C811700702EB1 /* host_name_verification.hpp in Headers */,
				7C602106296C811700702EB1 /* try_signal_msvc.hpp in Headers */,
				7C602161296CBD6600702EB1 /* peer_struct.h in Headers */,
				7C60210D296C811700702EB1 /* signal_error_code.hpp in Headers */,
				7C602125296C811700702EB1 /* stream_base.hpp in Headers */,
				7C602162296CBD6600702EB1 /* settings_pack_struct.h in Headers */,
				7C79ACBC296C14E900EF32F4 /* iTorrentFramework.h in Headers */,
				7C602122296C811700702EB1 /* stream.hpp in Headers */,
				7C602123296C811700702EB1 /* error.hpp in Headers */,
				7C60215D296CBD6600702EB1 /* result_struct.h in Headers */,
				7C60210C296C811700702EB1 /* try_signal_posix.hpp in Headers */,
				7C60211F296C811700702EB1 /* gnutls.hpp in Headers */,
				7C60215F296CBD6600702EB1 /* helper_code.h in Headers */,
				7C60215E296CBD6600702EB1 /* file_struct.h in Headers */,
				7C602120296C811700702EB1 /* verify_context.hpp in Headers */,
				7C602104296C811700702EB1 /* try_signal_mingw.hpp in Headers */,
				7C602160296CBD6600702EB1 /* torrent_headers.h in Headers */,
				7C602121296C811700702EB1 /* context_base.hpp in Headers */,
				7C602127296C811700702EB1 /* rfc2818_verification.hpp in Headers */,
				7C602124296C811700702EB1 /* context.hpp in Headers */,
			);
			runOnlyForDeploymentPostprocessing = 0;
		};
/* End PBXHeadersBuildPhase section */

/* Begin PBXNativeTarget section */
		7C79ACB7296C14E900EF32F4 /* ITorrentFramework */ = {
			isa = PBXNativeTarget;
			buildConfigurationList = 7C79ACBF296C14E900EF32F4 /* Build configuration list for PBXNativeTarget "ITorrentFramework" */;
			buildPhases = (
				7C6020A1296C738B00702EB1 /* Run Script */,
				7C79ACB3296C14E900EF32F4 /* Headers */,
				7C79ACB4296C14E900EF32F4 /* Sources */,
				7C79ACB5296C14E900EF32F4 /* Frameworks */,
				7C79ACB6296C14E900EF32F4 /* Resources */,
				7C9E0F16296D5ECC00EFF686 /* Embed Frameworks */,
			);
			buildRules = (
			);
			dependencies = (
			);
			name = ITorrentFramework;
			packageProductDependencies = (
			);
			productName = iTorrentFramework;
			productReference = 7C79ACB8296C14E900EF32F4 /* ITorrentFramework.framework */;
			productType = "com.apple.product-type.framework";
		};
/* End PBXNativeTarget section */

/* Begin PBXProject section */
		7C79ACAF296C14E900EF32F4 /* Project object */ = {
			isa = PBXProject;
			attributes = {
				BuildIndependentTargetsInParallel = 1;
				LastUpgradeCheck = 1420;
				TargetAttributes = {
					7C79ACB7296C14E900EF32F4 = {
						CreatedOnToolsVersion = 14.2;
					};
				};
			};
			buildConfigurationList = 7C79ACB2296C14E900EF32F4 /* Build configuration list for PBXProject "ITorrentFramework" */;
			compatibilityVersion = "Xcode 14.0";
			developmentRegion = en;
			hasScannedForEncodings = 0;
			knownRegions = (
				en,
				Base,
			);
			mainGroup = 7C79ACAE296C14E900EF32F4;
			packageReferences = (
			);
			productRefGroup = 7C79ACB9296C14E900EF32F4 /* Products */;
			projectDirPath = "";
			projectRoot = "";
			targets = (
				7C79ACB7296C14E900EF32F4 /* ITorrentFramework */,
			);
		};
/* End PBXProject section */

/* Begin PBXResourcesBuildPhase section */
		7C79ACB6296C14E900EF32F4 /* Resources */ = {
			isa = PBXResourcesBuildPhase;
			buildActionMask = 2147483647;
			files = (
				7C602155296CBCF100702EB1 /* module.modulemap in Resources */,
			);
			runOnlyForDeploymentPostprocessing = 0;
		};
/* End PBXResourcesBuildPhase section */

/* Begin PBXShellScriptBuildPhase section */
		7C6020A1296C738B00702EB1 /* Run Script */ = {
			isa = PBXShellScriptBuildPhase;
			buildActionMask = 2147483647;
			files = (
			);
			inputFileListPaths = (
			);
			inputPaths = (
			);
			name = "Run Script";
			outputFileListPaths = (
			);
			outputPaths = (
			);
			runOnlyForDeploymentPostprocessing = 0;
			shellPath = /bin/sh;
			shellScript = "if test -d \"/opt/homebrew/bin/\"; then\n  PATH=\"/opt/homebrew/bin/:${PATH}\"\nfi\n\nexport PATH\n\ncd $PROJECT_DIR\nrm project-config.jam\n\necho \"using darwin : ios_sim : clang++ : <compileflags>-Wno-deprecated-declarations\n          <compileflags>\\\"-isysroot /Applications/Xcode.app/Contents/Developer/Platforms/iPhoneSimulator.platform/Developer/SDKs/iPhoneSimulator.sdk\\\"\n          <compileflags>\\\"-I$PROJECT_DIR/iTorrentFramework/include\\\"\n          <compileflags>-mios-simulator-version-min=7\n          <compileflags>\\\"-arch x86_64\\\"\n          <compileflags>\\\"-arch arm64\\\"\n          <compileflags>-fobjc-abi-version=2\n          <linkflags>\\\"-isysroot /Applications/Xcode.app/Contents/Developer/Platforms/iPhoneSimulator.platform/Developer/SDKs/iPhoneSimulator.sdk\\\"\n          <linkflags>\\\"-I$PROJECT_DIR/iTorrentFramework/include\\\"\n          <linkflags>-mios-simulator-version-min=7\n          <linkflags>\\\"-arch x86_64\\\"\n          <linkflags>\\\"-arch arm64\\\"\n          <linkflags>-fobjc-abi-version=2 ;\" >>./project-config.jam\n          \necho \"using darwin : ios : clang++ : <compileflags>-Wno-deprecated-declarations\n          <compileflags>\\\"-isysroot /Applications/Xcode.app/Contents/Developer/Platforms/iPhoneOS.platform/Developer/SDKs/iPhoneOS.sdk\\\"\n          <compileflags>\\\"-I$PROJECT_DIR/iTorrentFramework/include\\\"\n          <compileflags>-mios-version-min=7\n          <compileflags>\\\"-arch armv7\\\"\n          <compileflags>\\\"-arch arm64\\\"\n          <compileflags>-fobjc-abi-version=2\n          <linkflags>\\\"-isysroot /Applications/Xcode.app/Contents/Developer/Platforms/iPhoneOS.platform/Developer/SDKs/iPhoneOS.sdk\\\"\n          <linkflags>\\\"-I$PROJECT_DIR/iTorrentFramework/include\\\"\n          <linkflags>-mios-version-min=7\n          <linkflags>\\\"-arch armv7\\\"\n          <linkflags>\\\"-arch arm64\\\"\n          <linkflags>-fobjc-abi-version=2 ;\" >>./project-config.jam\n          \necho \"using darwin : xros_sim : clang++ : <compileflags>-Wno-deprecated-declarations\n          <compileflags>\"-isysroot /Applications/Xcode.app/Contents/Developer/Platforms/XRSimulator.platform/Developer/SDKs/XRSimulator.sdk\"\n          <compileflags>\"-I/Users/xitrix/Documents/Dev/iTorrent_Framework/iTorrentFramework/include\"\n          <compileflags>-mxros-simulator-version-min=1\n          <compileflags>\"-arch x86_64\"\n          <compileflags>\"-arch arm64\"\n          <compileflags>-fobjc-abi-version=2\n          <linkflags>\"-isysroot /Applications/Xcode.app/Contents/Developer/Platforms/XRSimulator.platform/Developer/SDKs/XRSimulator.sdk\"\n          <linkflags>\"-I/Users/xitrix/Documents/Dev/iTorrent_Framework/iTorrentFramework/include\"\n          <linkflags>-mxros-simulator-version-min=1\n          <linkflags>\"-arch x86_64\"\n          <linkflags>\"-arch arm64\"\n          <linkflags>-fobjc-abi-version=2 ;\" >>./project-config.jam\n          \necho \"using darwin : xros : clang++ : <compileflags>-Wno-deprecated-declarations\n          <compileflags>\"-isysroot /Applications/Xcode.app/Contents/Developer/Platforms/XROS.platform/Developer/SDKs/XROS.sdk\"\n          <compileflags>\"-I/Users/xitrix/Documents/Dev/iTorrent_Framework/iTorrentFramework/include\"\n          <compileflags>-xros-version-min=1\n          <compileflags>\"-arch arm64\"\n          <compileflags>-fobjc-abi-version=2\n          <linkflags>\"-isysroot /Applications/Xcode.app/Contents/Developer/Platforms/XROS.platform/Developer/SDKs/XROS.sdk\"\n          <linkflags>\"-I/Users/xitrix/Documents/Dev/iTorrent_Framework/iTorrentFramework/include\"\n          <linkflags>-xros-version-min=1\n          <linkflags>\"-arch arm64\"\n          <linkflags>-fobjc-abi-version=2 ;\" >>./project-config.jam\n\ncd $PROJECT_DIR/submodules/libtorrent\n\nb2 -l400 cxxstd=14 darwin-ios darwin-ios_sim darwin-xros darwin-xros_sim address-model=64 link=static crypto=openssl --project-config=../../project-config.jam --build-dir=$PROJECT_DIR/build/libtorrent/\n\nrm \"$PROJECT_DIR/submodules/LibTorrent.xcframework/ios-arm64/LibTorrent.framework/LibTorrent\"\nrm \"$PROJECT_DIR/submodules/LibTorrent.xcframework/ios-arm64_x86_64-simulator/LibTorrent.framework/LibTorrent\"\nrm \"$PROJECT_DIR/submodules/LibTorrent.xcframework/xros-arm64/LibTorrent.framework/LibTorrent\"\nrm \"$PROJECT_DIR/submodules/LibTorrent.xcframework/xros-arm64_x86_64-simulator/LibTorrent.framework/LibTorrent\"\n\n# LibTorrent 1.2\nif test -d \"$PROJECT_DIR/build/libtorrent/torrent/darwin-ios/debug/address-model-64/crypto-openssl/\"; then\n    cp \"$PROJECT_DIR/build/libtorrent/torrent/darwin-ios/debug/address-model-64/crypto-openssl/cxxstd-14-iso/link-static/threading-multi/libtorrent-rasterbar.a\" \"$PROJECT_DIR/submodules/LibTorrent.xcframework/ios-arm64/LibTorrent.framework/LibTorrent\"\n    cp \"$PROJECT_DIR/build/libtorrent/torrent/darwin-ios_sim/debug/address-model-64/crypto-openssl/cxxstd-14-iso/link-static/threading-multi/libtorrent-rasterbar.a\" \"$PROJECT_DIR/submodules/LibTorrent.xcframework/ios-arm64_x86_64-simulator/LibTorrent.framework/LibTorrent\"\n    cp \"$PROJECT_DIR/build/libtorrent/torrent/darwin-xros/debug/address-model-64/crypto-openssl/cxxstd-14-iso/link-static/threading-multi/libtorrent-rasterbar.a\" \"$PROJECT_DIR/submodules/LibTorrent.xcframework/xros-arm64/LibTorrent.framework/LibTorrent\"\n    cp \"$PROJECT_DIR/build/libtorrent/torrent/darwin-xros_sim/debug/address-model-64/crypto-openssl/cxxstd-14-iso/link-static/threading-multi/libtorrent-rasterbar.a\" \"$PROJECT_DIR/submodules/LibTorrent.xcframework/xros-arm64_x86_64-simulator/LibTorrent.framework/LibTorrent\"\nfi\n\n# LibTorrent 2.0\nif test -d \"$PROJECT_DIR/build/libtorrent/torrent/darwin-ios/debug/address-model-64/cxxstd-14-iso/\"; then\n    cp \"$PROJECT_DIR/build/libtorrent/torrent/darwin-ios/debug/address-model-64/cxxstd-14-iso/link-static/threading-multi/visibility-hidden/libtorrent-rasterbar.a\" \"$PROJECT_DIR/submodules/LibTorrent.xcframework/ios-arm64/LibTorrent.framework/LibTorrent\"\n    cp \"$PROJECT_DIR/build/libtorrent/torrent/darwin-ios_sim/debug/address-model-64/cxxstd-14-iso/link-static/threading-multi/visibility-hidden/libtorrent-rasterbar.a\" \"$PROJECT_DIR/submodules/LibTorrent.xcframework/ios-arm64_x86_64-simulator/LibTorrent.framework/LibTorrent\"\n    cp \"$PROJECT_DIR/build/libtorrent/torrent/darwin-xros/debug/address-model-64/cxxstd-14-iso/link-static/threading-multi/visibility-hidden/libtorrent-rasterbar.a\" \"$PROJECT_DIR/submodules/LibTorrent.xcframework/xros-arm64/LibTorrent.framework/LibTorrent\"\n    cp \"$PROJECT_DIR/build/libtorrent/torrent/darwin-xros_sim/debug/address-model-64/cxxstd-14-iso/link-static/threading-multi/visibility-hidden/libtorrent-rasterbar.a\" \"$PROJECT_DIR/submodules/LibTorrent.xcframework/xros-arm64_x86_64-simulator/LibTorrent.framework/LibTorrent\"\nfi\n";
		};
/* End PBXShellScriptBuildPhase section */

/* Begin PBXSourcesBuildPhase section */
		7C79ACB4296C14E900EF32F4 /* Sources */ = {
			isa = PBXSourcesBuildPhase;
			buildActionMask = 2147483647;
			files = (
				7C602163296CCBA400702EB1 /* TorrentModel.swift in Sources */,
				7C602169296CCBA400702EB1 /* FolderModel.swift in Sources */,
				7C60216C296CCBA700702EB1 /* StringExtension.swift in Sources */,
				7C6020B4296C7F0600702EB1 /* torrent.cpp in Sources */,
				7C60216B296CCBA700702EB1 /* Utils.swift in Sources */,
				7C602113296C811700702EB1 /* try_signal.cpp in Sources */,
				7C60216D296CCBA700702EB1 /* NotificationNamesExtension.swift in Sources */,
				7C602168296CCBA400702EB1 /* PeerModel.swift in Sources */,
				7C60216E296CCBA700702EB1 /* TorrentSdk.swift in Sources */,
				7C6020B5296C7F0600702EB1 /* torrent_destructors.cpp in Sources */,
				7C6020B6296C7F0600702EB1 /* helper_code.cpp in Sources */,
				7C602165296CCBA400702EB1 /* SettingsPack.swift in Sources */,
				7C602166296CCBA400702EB1 /* TrackerModel.swift in Sources */,
				7C60216A296CCBA400702EB1 /* FileModel.swift in Sources */,
				7C602167296CCBA400702EB1 /* InterfaceType.swift in Sources */,
				7C602164296CCBA400702EB1 /* TorrentState.swift in Sources */,
				7C602111296C811700702EB1 /* signal_error_code.cpp in Sources */,
			);
			runOnlyForDeploymentPostprocessing = 0;
		};
/* End PBXSourcesBuildPhase section */

/* Begin XCBuildConfiguration section */
		7C79ACBD296C14E900EF32F4 /* Debug */ = {
			isa = XCBuildConfiguration;
			buildSettings = {
				ALWAYS_SEARCH_USER_PATHS = NO;
				BUILD_LIBRARY_FOR_DISTRIBUTION = YES;
				CLANG_ANALYZER_NONNULL = YES;
				CLANG_ANALYZER_NUMBER_OBJECT_CONVERSION = YES_AGGRESSIVE;
				CLANG_CXX_LANGUAGE_STANDARD = "gnu++20";
				CLANG_ENABLE_MODULES = YES;
				CLANG_ENABLE_OBJC_ARC = YES;
				CLANG_ENABLE_OBJC_WEAK = YES;
				CLANG_WARN_BLOCK_CAPTURE_AUTORELEASING = YES;
				CLANG_WARN_BOOL_CONVERSION = YES;
				CLANG_WARN_COMMA = YES;
				CLANG_WARN_CONSTANT_CONVERSION = YES;
				CLANG_WARN_DEPRECATED_OBJC_IMPLEMENTATIONS = YES;
				CLANG_WARN_DIRECT_OBJC_ISA_USAGE = YES_ERROR;
				CLANG_WARN_DOCUMENTATION_COMMENTS = YES;
				CLANG_WARN_EMPTY_BODY = YES;
				CLANG_WARN_ENUM_CONVERSION = YES;
				CLANG_WARN_INFINITE_RECURSION = YES;
				CLANG_WARN_INT_CONVERSION = YES;
				CLANG_WARN_NON_LITERAL_NULL_CONVERSION = YES;
				CLANG_WARN_OBJC_IMPLICIT_RETAIN_SELF = YES;
				CLANG_WARN_OBJC_LITERAL_CONVERSION = YES;
				CLANG_WARN_OBJC_ROOT_CLASS = YES_ERROR;
				CLANG_WARN_QUOTED_INCLUDE_IN_FRAMEWORK_HEADER = YES;
				CLANG_WARN_RANGE_LOOP_ANALYSIS = YES;
				CLANG_WARN_STRICT_PROTOTYPES = YES;
				CLANG_WARN_SUSPICIOUS_MOVE = YES;
				CLANG_WARN_UNGUARDED_AVAILABILITY = YES_AGGRESSIVE;
				CLANG_WARN_UNREACHABLE_CODE = YES;
				CLANG_WARN__DUPLICATE_METHOD_MATCH = YES;
				COPY_PHASE_STRIP = NO;
				CURRENT_PROJECT_VERSION = 1;
				DEBUG_INFORMATION_FORMAT = dwarf;
				ENABLE_STRICT_OBJC_MSGSEND = YES;
				ENABLE_TESTABILITY = YES;
				GCC_C_LANGUAGE_STANDARD = gnu11;
				GCC_DYNAMIC_NO_PIC = NO;
				GCC_NO_COMMON_BLOCKS = YES;
				GCC_OPTIMIZATION_LEVEL = 0;
				GCC_PREPROCESSOR_DEFINITIONS = ITF_USES_LIBTORRENT2;
				GCC_WARN_64_TO_32_BIT_CONVERSION = YES;
				GCC_WARN_ABOUT_RETURN_TYPE = YES_ERROR;
				GCC_WARN_UNDECLARED_SELECTOR = YES;
				GCC_WARN_UNINITIALIZED_AUTOS = YES_AGGRESSIVE;
				GCC_WARN_UNUSED_FUNCTION = YES;
				GCC_WARN_UNUSED_VARIABLE = YES;
				HEADER_SEARCH_PATHS = (
					"$(SRCROOT)/iTorrentFramework/include/",
					"$(SRCROOT)/submodules/libtorrent/include",
				);
				IPHONEOS_DEPLOYMENT_TARGET = 16.2;
				MODULEMAP_FILE = "$(SRCROOT)/iTorrentFramework/module.modulemap";
				MTL_ENABLE_DEBUG_INFO = INCLUDE_SOURCE;
				MTL_FAST_MATH = YES;
				ONLY_ACTIVE_ARCH = YES;
				SDKROOT = iphoneos;
				SWIFT_ACTIVE_COMPILATION_CONDITIONS = DEBUG;
				SWIFT_OPTIMIZATION_LEVEL = "-Onone";
				VERSIONING_SYSTEM = "apple-generic";
				VERSION_INFO_PREFIX = "";
			};
			name = Debug;
		};
		7C79ACBE296C14E900EF32F4 /* Release */ = {
			isa = XCBuildConfiguration;
			buildSettings = {
				ALWAYS_SEARCH_USER_PATHS = NO;
				BUILD_LIBRARY_FOR_DISTRIBUTION = YES;
				CLANG_ANALYZER_NONNULL = YES;
				CLANG_ANALYZER_NUMBER_OBJECT_CONVERSION = YES_AGGRESSIVE;
				CLANG_CXX_LANGUAGE_STANDARD = "gnu++20";
				CLANG_ENABLE_MODULES = YES;
				CLANG_ENABLE_OBJC_ARC = YES;
				CLANG_ENABLE_OBJC_WEAK = YES;
				CLANG_WARN_BLOCK_CAPTURE_AUTORELEASING = YES;
				CLANG_WARN_BOOL_CONVERSION = YES;
				CLANG_WARN_COMMA = YES;
				CLANG_WARN_CONSTANT_CONVERSION = YES;
				CLANG_WARN_DEPRECATED_OBJC_IMPLEMENTATIONS = YES;
				CLANG_WARN_DIRECT_OBJC_ISA_USAGE = YES_ERROR;
				CLANG_WARN_DOCUMENTATION_COMMENTS = YES;
				CLANG_WARN_EMPTY_BODY = YES;
				CLANG_WARN_ENUM_CONVERSION = YES;
				CLANG_WARN_INFINITE_RECURSION = YES;
				CLANG_WARN_INT_CONVERSION = YES;
				CLANG_WARN_NON_LITERAL_NULL_CONVERSION = YES;
				CLANG_WARN_OBJC_IMPLICIT_RETAIN_SELF = YES;
				CLANG_WARN_OBJC_LITERAL_CONVERSION = YES;
				CLANG_WARN_OBJC_ROOT_CLASS = YES_ERROR;
				CLANG_WARN_QUOTED_INCLUDE_IN_FRAMEWORK_HEADER = YES;
				CLANG_WARN_RANGE_LOOP_ANALYSIS = YES;
				CLANG_WARN_STRICT_PROTOTYPES = YES;
				CLANG_WARN_SUSPICIOUS_MOVE = YES;
				CLANG_WARN_UNGUARDED_AVAILABILITY = YES_AGGRESSIVE;
				CLANG_WARN_UNREACHABLE_CODE = YES;
				CLANG_WARN__DUPLICATE_METHOD_MATCH = YES;
				COPY_PHASE_STRIP = NO;
				CURRENT_PROJECT_VERSION = 1;
				DEBUG_INFORMATION_FORMAT = "dwarf-with-dsym";
				ENABLE_NS_ASSERTIONS = NO;
				ENABLE_STRICT_OBJC_MSGSEND = YES;
				GCC_C_LANGUAGE_STANDARD = gnu11;
				GCC_NO_COMMON_BLOCKS = YES;
				GCC_PREPROCESSOR_DEFINITIONS = ITF_USES_LIBTORRENT2;
				GCC_WARN_64_TO_32_BIT_CONVERSION = YES;
				GCC_WARN_ABOUT_RETURN_TYPE = YES_ERROR;
				GCC_WARN_UNDECLARED_SELECTOR = YES;
				GCC_WARN_UNINITIALIZED_AUTOS = YES_AGGRESSIVE;
				GCC_WARN_UNUSED_FUNCTION = YES;
				GCC_WARN_UNUSED_VARIABLE = YES;
				HEADER_SEARCH_PATHS = (
					"$(SRCROOT)/iTorrentFramework/include/",
					"$(SRCROOT)/submodules/libtorrent/include",
				);
				IPHONEOS_DEPLOYMENT_TARGET = 16.2;
				MODULEMAP_FILE = "$(SRCROOT)/iTorrentFramework/module.modulemap";
				MTL_ENABLE_DEBUG_INFO = NO;
				MTL_FAST_MATH = YES;
				SDKROOT = iphoneos;
				SWIFT_COMPILATION_MODE = wholemodule;
				SWIFT_OPTIMIZATION_LEVEL = "-O";
				VALIDATE_PRODUCT = YES;
				VERSIONING_SYSTEM = "apple-generic";
				VERSION_INFO_PREFIX = "";
			};
			name = Release;
		};
		7C79ACC0296C14E900EF32F4 /* Debug */ = {
			isa = XCBuildConfiguration;
			buildSettings = {
				CODE_SIGN_STYLE = Automatic;
				CURRENT_PROJECT_VERSION = 1;
				DEFINES_MODULE = YES;
				DEVELOPMENT_TEAM = D59DHVRS87;
				DYLIB_COMPATIBILITY_VERSION = 1;
				DYLIB_CURRENT_VERSION = 1;
				DYLIB_INSTALL_NAME_BASE = "@rpath";
				"EXCLUDED_ARCHS[sdk=xrsimulator*]" = x86_64;
				GENERATE_INFOPLIST_FILE = YES;
				INFOPLIST_KEY_NSHumanReadableCopyright = "";
				INSTALL_PATH = "$(LOCAL_LIBRARY_DIR)/Frameworks";
				IPHONEOS_DEPLOYMENT_TARGET = 11.0;
				LD_RUNPATH_SEARCH_PATHS = (
					"$(inherited)",
					"@executable_path/Frameworks",
					"@loader_path/Frameworks",
				);
				LIBRARY_SEARCH_PATHS = (
					"$(inherited)",
					"$(PROJECT_DIR)/submodules",
					"$(PROJECT_DIR)/build/submodules/libtorrent",
				);
				MARKETING_VERSION = 1.0;
				PRODUCT_BUNDLE_IDENTIFIER = ru.xitrix.iTorrentFramework;
				PRODUCT_NAME = "$(TARGET_NAME:c99extidentifier)";
				SKIP_INSTALL = YES;
				SUPPORTED_PLATFORMS = "iphoneos iphonesimulator xros xrsimulator";
				SUPPORTS_MACCATALYST = YES;
				SUPPORTS_XR_DESIGNED_FOR_IPHONE_IPAD = NO;
				SWIFT_EMIT_LOC_STRINGS = YES;
				SWIFT_VERSION = 5.0;
				TARGETED_DEVICE_FAMILY = "1,2,7";
			};
			name = Debug;
		};
		7C79ACC1296C14E900EF32F4 /* Release */ = {
			isa = XCBuildConfiguration;
			buildSettings = {
				CODE_SIGN_STYLE = Automatic;
				CURRENT_PROJECT_VERSION = 1;
				DEFINES_MODULE = YES;
				DEVELOPMENT_TEAM = D59DHVRS87;
				DYLIB_COMPATIBILITY_VERSION = 1;
				DYLIB_CURRENT_VERSION = 1;
				DYLIB_INSTALL_NAME_BASE = "@rpath";
				"EXCLUDED_ARCHS[sdk=xrsimulator*]" = x86_64;
				GENERATE_INFOPLIST_FILE = YES;
				INFOPLIST_KEY_NSHumanReadableCopyright = "";
				INSTALL_PATH = "$(LOCAL_LIBRARY_DIR)/Frameworks";
				IPHONEOS_DEPLOYMENT_TARGET = 11.0;
				LD_RUNPATH_SEARCH_PATHS = (
					"$(inherited)",
					"@executable_path/Frameworks",
					"@loader_path/Frameworks",
				);
				LIBRARY_SEARCH_PATHS = (
					"$(inherited)",
					"$(PROJECT_DIR)/submodules",
					"$(PROJECT_DIR)/build/submodules/libtorrent",
				);
				MARKETING_VERSION = 1.0;
				PRODUCT_BUNDLE_IDENTIFIER = ru.xitrix.iTorrentFramework;
				PRODUCT_NAME = "$(TARGET_NAME:c99extidentifier)";
				SKIP_INSTALL = YES;
				SUPPORTED_PLATFORMS = "iphoneos iphonesimulator xros xrsimulator";
				SUPPORTS_MACCATALYST = YES;
				SUPPORTS_XR_DESIGNED_FOR_IPHONE_IPAD = NO;
				SWIFT_EMIT_LOC_STRINGS = YES;
				SWIFT_VERSION = 5.0;
				TARGETED_DEVICE_FAMILY = "1,2,7";
			};
			name = Release;
		};
/* End XCBuildConfiguration section */

/* Begin XCConfigurationList section */
		7C79ACB2296C14E900EF32F4 /* Build configuration list for PBXProject "ITorrentFramework" */ = {
			isa = XCConfigurationList;
			buildConfigurations = (
				7C79ACBD296C14E900EF32F4 /* Debug */,
				7C79ACBE296C14E900EF32F4 /* Release */,
			);
			defaultConfigurationIsVisible = 0;
			defaultConfigurationName = Release;
		};
		7C79ACBF296C14E900EF32F4 /* Build configuration list for PBXNativeTarget "ITorrentFramework" */ = {
			isa = XCConfigurationList;
			buildConfigurations = (
				7C79ACC0296C14E900EF32F4 /* Debug */,
				7C79ACC1296C14E900EF32F4 /* Release */,
			);
			defaultConfigurationIsVisible = 0;
			defaultConfigurationName = Release;
		};
/* End XCConfigurationList section */
	};
	rootObject = 7C79ACAF296C14E900EF32F4 /* Project object */;
}
